
Microsoft Visual Studio Solution File, Format Version 12.00
# Visual Studio Version 17
VisualStudioVersion = 17.3.32825.248
MinimumVisualStudioVersion = 10.0.40219.1
Project("{8BC9CEB8-8B4A-11D0-8D11-00A0C91BC942}") = "Project_z55职工管理系统", "Project_z55职工管理系统\Project_z55职工管理系统.vcxproj", "{007F9AB5-44F6-4083-A259-8BBC0ED6592B}"
EndProject
Global
	GlobalSection(SolutionConfigurationPlatforms) = preSolution
		Debug|x64 = Debug|x64
		Debug|x86 = Debug|x86
		Release|x64 = Release|x64
		Release|x86 = Release|x86
	EndGlobalSection
	GlobalSection(ProjectConfigurationPlatforms) = postSolution
		{007F9AB5-44F6-4083-A259-8BBC0ED6592B}.Debug|x64.ActiveCfg = Debug|x64
		{007F9AB5-44F6-4083-A259-8BBC0ED6592B}.Debug|x64.Build.0 = Debug|x64
		{007F9AB5-44F6-4083-A259-8BBC0ED6592B}.Debug|x86.ActiveCfg = Debug|Win32
		{007F9AB5-44F6-4083-A259-8BBC0ED6592B}.Debug|x86.Build.0 = Debug|Win32
		{007F9AB5-44F6-4083-A259-8BBC0ED6592B}.Release|x64.ActiveCfg = Release|x64
		{007F9AB5-44F6-4083-A259-8BBC0ED6592B}.Release|x64.Build.0 = Release|x64
		{007F9AB5-44F6-4083-A259-8BBC0ED6592B}.Release|x86.ActiveCfg = Release|Win32
		{007F9AB5-44F6-4083-A259-8BBC0ED6592B}.Release|x86.Build.0 = Release|Win32
	EndGlobalSection
	GlobalSection(SolutionProperties) = preSolution
		HideSolutionNode = FALSE
	EndGlobalSection
	GlobalSection(ExtensibilityGlobals) = postSolution
		SolutionGuid = {94D3BBE3-8AC1-47E0-982B-7FF0D3EB2482}
	EndGlobalSection
EndGlobal
