
Microsoft Visual Studio Solution File, Format Version 12.00
# Visual Studio Version 17
VisualStudioVersion = 17.3.32825.248
MinimumVisualStudioVersion = 10.0.40219.1
Project("{8BC9CEB8-8B4A-11D0-8D11-00A0C91BC942}") = "Project_z65模板案列", "Project_z65模板案列\Project_z65模板案列.vcxproj", "{B3240CD6-5287-4C11-908D-CCD5E088D9DE}"
EndProject
Global
	GlobalSection(SolutionConfigurationPlatforms) = preSolution
		Debug|x64 = Debug|x64
		Debug|x86 = Debug|x86
		Release|x64 = Release|x64
		Release|x86 = Release|x86
	EndGlobalSection
	GlobalSection(ProjectConfigurationPlatforms) = postSolution
		{B3240CD6-5287-4C11-908D-CCD5E088D9DE}.Debug|x64.ActiveCfg = Debug|x64
		{B3240CD6-5287-4C11-908D-CCD5E088D9DE}.Debug|x64.Build.0 = Debug|x64
		{B3240CD6-5287-4C11-908D-CCD5E088D9DE}.Debug|x86.ActiveCfg = Debug|Win32
		{B3240CD6-5287-4C11-908D-CCD5E088D9DE}.Debug|x86.Build.0 = Debug|Win32
		{B3240CD6-5287-4C11-908D-CCD5E088D9DE}.Release|x64.ActiveCfg = Release|x64
		{B3240CD6-5287-4C11-908D-CCD5E088D9DE}.Release|x64.Build.0 = Release|x64
		{B3240CD6-5287-4C11-908D-CCD5E088D9DE}.Release|x86.ActiveCfg = Release|Win32
		{B3240CD6-5287-4C11-908D-CCD5E088D9DE}.Release|x86.Build.0 = Release|Win32
	EndGlobalSection
	GlobalSection(SolutionProperties) = preSolution
		HideSolutionNode = FALSE
	EndGlobalSection
	GlobalSection(ExtensibilityGlobals) = postSolution
		SolutionGuid = {F74113CE-2AED-4791-8C97-EA1CB504444C}
	EndGlobalSection
EndGlobal
