
Microsoft Visual Studio Solution File, Format Version 12.00
# Visual Studio Version 17
VisualStudioVersion = 17.3.32825.248
MinimumVisualStudioVersion = 10.0.40219.1
Project("{8BC9CEB8-8B4A-11D0-8D11-00A0C91BC942}") = "Project_z70STL", "Project_z70STL\Project_z70STL.vcxproj", "{3E3BB796-1C65-4F0A-A20C-2F754BE14419}"
EndProject
Global
	GlobalSection(SolutionConfigurationPlatforms) = preSolution
		Debug|x64 = Debug|x64
		Debug|x86 = Debug|x86
		Release|x64 = Release|x64
		Release|x86 = Release|x86
	EndGlobalSection
	GlobalSection(ProjectConfigurationPlatforms) = postSolution
		{3E3BB796-1C65-4F0A-A20C-2F754BE14419}.Debug|x64.ActiveCfg = Debug|x64
		{3E3BB796-1C65-4F0A-A20C-2F754BE14419}.Debug|x64.Build.0 = Debug|x64
		{3E3BB796-1C65-4F0A-A20C-2F754BE14419}.Debug|x86.ActiveCfg = Debug|Win32
		{3E3BB796-1C65-4F0A-A20C-2F754BE14419}.Debug|x86.Build.0 = Debug|Win32
		{3E3BB796-1C65-4F0A-A20C-2F754BE14419}.Release|x64.ActiveCfg = Release|x64
		{3E3BB796-1C65-4F0A-A20C-2F754BE14419}.Release|x64.Build.0 = Release|x64
		{3E3BB796-1C65-4F0A-A20C-2F754BE14419}.Release|x86.ActiveCfg = Release|Win32
		{3E3BB796-1C65-4F0A-A20C-2F754BE14419}.Release|x86.Build.0 = Release|Win32
	EndGlobalSection
	GlobalSection(SolutionProperties) = preSolution
		HideSolutionNode = FALSE
	EndGlobalSection
	GlobalSection(ExtensibilityGlobals) = postSolution
		SolutionGuid = {6099118F-14B3-463B-8029-0D357C798CDA}
	EndGlobalSection
EndGlobal
