
Microsoft Visual Studio Solution File, Format Version 12.00
# Visual Studio Version 17
VisualStudioVersion = 17.3.32825.248
MinimumVisualStudioVersion = 10.0.40219.1
Project("{8BC9CEB8-8B4A-11D0-8D11-00A0C91BC942}") = "AddressBook", "AddressBook.vcxproj", "{B2C53CF6-EE60-43B4-B84B-9E939D01AACD}"
EndProject
Global
	GlobalSection(SolutionConfigurationPlatforms) = preSolution
		Debug|x64 = Debug|x64
		Debug|x86 = Debug|x86
		Release|x64 = Release|x64
		Release|x86 = Release|x86
	EndGlobalSection
	GlobalSection(ProjectConfigurationPlatforms) = postSolution
		{B2C53CF6-EE60-43B4-B84B-9E939D01AACD}.Debug|x64.ActiveCfg = Debug|x64
		{B2C53CF6-EE60-43B4-B84B-9E939D01AACD}.Debug|x64.Build.0 = Debug|x64
		{B2C53CF6-EE60-43B4-B84B-9E939D01AACD}.Debug|x86.ActiveCfg = Debug|Win32
		{B2C53CF6-EE60-43B4-B84B-9E939D01AACD}.Debug|x86.Build.0 = Debug|Win32
		{B2C53CF6-EE60-43B4-B84B-9E939D01AACD}.Release|x64.ActiveCfg = Release|x64
		{B2C53CF6-EE60-43B4-B84B-9E939D01AACD}.Release|x64.Build.0 = Release|x64
		{B2C53CF6-EE60-43B4-B84B-9E939D01AACD}.Release|x86.ActiveCfg = Release|Win32
		{B2C53CF6-EE60-43B4-B84B-9E939D01AACD}.Release|x86.Build.0 = Release|Win32
	EndGlobalSection
	GlobalSection(SolutionProperties) = preSolution
		HideSolutionNode = FALSE
	EndGlobalSection
	GlobalSection(ExtensibilityGlobals) = postSolution
		SolutionGuid = {888D9DF5-E5E1-4820-AB14-D821CF1C377D}
	EndGlobalSection
EndGlobal
